{
  "name": "gkji-react-2",
  "version": "0.1.0",
  "lockfileVersion": 1,
  "requires": true,
  "dependencies": {
    "@types/prop-types": {
      "version": "15.7.3",
      "resolved": "http://npm-registry.qunhequnhe.com/@types/prop-types/download/@types/prop-types-15.7.3.tgz",
      "integrity": "sha1-KrDV2i5YFflLC51LldHl8kOrLKc="
    },
    "@types/react": {
      "version": "16.9.6",
      "resolved": "http://npm-registry.qunhequnhe.com/@types/react/download/@types/react-16.9.6.tgz",
      "integrity": "sha1-QHIqLvn2ewVMFbCgsNfwlAkXYTQ=",
      "requires": {
        "@types/prop-types": "15.7.3",
        "csstype": "2.6.7"
      }
    },
    "@types/react-dom": {
      "version": "16.9.2",
      "resolved": "http://npm-registry.qunhequnhe.com/@types/react-dom/download/@types/react-dom-16.9.2.tgz",
      "integrity": "sha1-kPnmwWGFC+H+sx0vRIEhvipPO0c=",
      "requires": {
        "@types/react": "16.9.6"
      }
    },
    "csstype": {
      "version": "2.6.7",
      "resolved": "http://npm-registry.qunhequnhe.com/csstype/download/csstype-2.6.7.tgz",
      "integrity": "sha1-ILACTCC2cY9O2jhTofWhzOf15KU="
    }
  }
}
